# This file is autogenerated, do not edit; changes may be undone by the next 'dep ensure'.


[[projects]]
  branch = "master"
  digest = "1:9956f4f58b2ccea25656086bcd7be0273915961a8231965a1a6c886874172054"
  name = "github.com/hybridgroup/mjpeg"
  packages = ["."]
  pruneopts = "UT"
  revision = "4680f319790ebffe28bbee775ecd1725693731ca"

[[projects]]
  digest = "1:7c74aa84445a23e60635357a67727585fa183c7c6b6119a9c778e0a65481a63a"
  name = "gocv.io/x/gocv"
  packages = ["."]
  pruneopts = "UT"
  revision = "2ec65a33d136d139ab177b078e67e1ac9988db6d"
  version = "v0.18.0"

[solve-meta]
  analyzer-name = "dep"
  analyzer-version = 1
  input-imports = [
    "github.com/hybridgroup/mjpeg",
    "gocv.io/x/gocv",
  ]
  solver-name = "gps-cdcl"
  solver-version = 1
